<?xml version="1.0" encoding="utf-8"?>
<Project ToolsVersion="4.0" xmlns="http://schemas.microsoft.com/developer/msbuild/2003">
  <ItemGroup>
    <Filter Include="소스 파일">
      <UniqueIdentifier>{4FC737F1-C7A5-4376-A066-2A32D752A2FF}</UniqueIdentifier>
      <Extensions>cpp;c;cc;cxx;def;odl;idl;hpj;bat;asm;asmx</Extensions>
    </Filter>
    <Filter Include="헤더 파일">
      <UniqueIdentifier>{93995380-89BD-4b04-88EB-625FBE52EBFB}</UniqueIdentifier>
      <Extensions>h;hh;hpp;hxx;hm;inl;inc;ipp;xsd</Extensions>
    </Filter>
    <Filter Include="리소스 파일">
      <UniqueIdentifier>{67DA6AB6-F800-4c08-8B7A-83BB121AAD01}</UniqueIdentifier>
      <Extensions>rc;ico;cur;bmp;dlg;rc2;rct;bin;rgs;gif;jpg;jpeg;jpe;resx;tiff;tif;png;wav;mfcribbon-ms</Extensions>
    </Filter>
  </ItemGroup>
  <ItemGroup>
    <ResourceCompile Include="Bubblebobble_Termproject_28.rc">
      <Filter>리소스 파일</Filter>
    </ResourceCompile>
  </ItemGroup>
  <ItemGroup>
    <ClCompile Include="src\BaseObject.cpp">
      <Filter>소스 파일</Filter>
    </ClCompile>
    <ClCompile Include="src\Board.cpp">
      <Filter>소스 파일</Filter>
    </ClCompile>
    <ClCompile Include="src\Bubble.cpp">
      <Filter>소스 파일</Filter>
    </ClCompile>
    <ClCompile Include="src\Cannon.cpp">
      <Filter>소스 파일</Filter>
    </ClCompile>
    <ClCompile Include="src\Light.cpp">
      <Filter>소스 파일</Filter>
    </ClCompile>
    <ClCompile Include="src\Material.cpp">
      <Filter>소스 파일</Filter>
    </ClCompile>
    <ClCompile Include="src\run.cpp">
      <Filter>소스 파일</Filter>
    </ClCompile>
    <ClCompile Include="src\Texture.cpp">
      <Filter>소스 파일</Filter>
    </ClCompile>
    <ClCompile Include="src\Texts.cpp">
      <Filter>소스 파일</Filter>
    </ClCompile>
    <ClCompile Include="src\TimeBar.cpp">
      <Filter>소스 파일</Filter>
    </ClCompile>
    <ClCompile Include="src\VisualBoard.cpp">
      <Filter>소스 파일</Filter>
    </ClCompile>
  </ItemGroup>
  <ItemGroup>
    <ClInclude Include="include\BaseObject.h">
      <Filter>헤더 파일</Filter>
    </ClInclude>
    <ClInclude Include="include\Board.h">
      <Filter>헤더 파일</Filter>
    </ClInclude>
    <ClInclude Include="include\Bubble.h">
      <Filter>헤더 파일</Filter>
    </ClInclude>
    <ClInclude Include="include\Cannon.h">
      <Filter>헤더 파일</Filter>
    </ClInclude>
    <ClInclude Include="include\Light.h">
      <Filter>헤더 파일</Filter>
    </ClInclude>
    <ClInclude Include="include\Material.h">
      <Filter>헤더 파일</Filter>
    </ClInclude>
    <ClInclude Include="include\resource.h">
      <Filter>헤더 파일</Filter>
    </ClInclude>
    <ClInclude Include="include\Settings.h">
      <Filter>헤더 파일</Filter>
    </ClInclude>
    <ClInclude Include="include\Texture.h">
      <Filter>헤더 파일</Filter>
    </ClInclude>
    <ClInclude Include="include\Texts.h">
      <Filter>헤더 파일</Filter>
    </ClInclude>
    <ClInclude Include="include\TimeBar.h">
      <Filter>헤더 파일</Filter>
    </ClInclude>
    <ClInclude Include="include\VisualBoard.h">
      <Filter>헤더 파일</Filter>
    </ClInclude>
  </ItemGroup>
  <ItemGroup>
    <Image Include="..\background.png">
      <Filter>리소스 파일</Filter>
    </Image>
    <Image Include="..\player0.png">
      <Filter>리소스 파일</Filter>
    </Image>
    <Image Include="..\player1.png">
      <Filter>리소스 파일</Filter>
    </Image>
    <Image Include="..\clear.png">
      <Filter>리소스 파일</Filter>
    </Image>
    <Image Include="..\gg.png">
      <Filter>리소스 파일</Filter>
    </Image>
  </ItemGroup>
</Project>